
Microsoft Visual Studio Solution File, Format Version 12.00
# Visual Studio Version 17
VisualStudioVersion = 17.5.33516.290
MinimumVisualStudioVersion = 10.0.40219.1
Project("{2150E333-8FDC-42A3-9474-1A3956D46DE8}") = "src", "src", "{811C9F54-ED12-4F1C-93C9-F1AE054D461B}"
EndProject
Project("{9A19103F-16F7-4668-BE54-9A1E7A4F7556}") = "Application", "src\Application\Application.csproj", "{BE7C65DC-E742-4A99-85A8-D9484ABD43BC}"
EndProject
Project("{9A19103F-16F7-4668-BE54-9A1E7A4F7556}") = "Domain", "src\Domain\Domain.csproj", "{2C9AB41A-3AFE-43DF-BB6B-E6B7E89FCB1C}"
EndProject
Project("{9A19103F-16F7-4668-BE54-9A1E7A4F7556}") = "Infrastructure", "src\Infrastructure\Infrastructure.csproj", "{BE8EC810-7152-4EB9-8C08-0E77D4CE2520}"
EndProject
Project("{9A19103F-16F7-4668-BE54-9A1E7A4F7556}") = "WebUI", "src\WebUI\WebUI.csproj", "{E5C2A4CC-DB08-400A-BFBB-E4650B07DC9E}"
EndProject
Global
	GlobalSection(SolutionConfigurationPlatforms) = preSolution
		Debug|Any CPU = Debug|Any CPU
		Debug|x64 = Debug|x64
		Debug|x86 = Debug|x86
		Release|Any CPU = Release|Any CPU
		Release|x64 = Release|x64
		Release|x86 = Release|x86
	EndGlobalSection
	GlobalSection(ProjectConfigurationPlatforms) = postSolution
		{BE7C65DC-E742-4A99-85A8-D9484ABD43BC}.Debug|Any CPU.ActiveCfg = Debug|Any CPU
		{BE7C65DC-E742-4A99-85A8-D9484ABD43BC}.Debug|Any CPU.Build.0 = Debug|Any CPU
		{BE7C65DC-E742-4A99-85A8-D9484ABD43BC}.Debug|x64.ActiveCfg = Debug|Any CPU
		{BE7C65DC-E742-4A99-85A8-D9484ABD43BC}.Debug|x64.Build.0 = Debug|Any CPU
		{BE7C65DC-E742-4A99-85A8-D9484ABD43BC}.Debug|x86.ActiveCfg = Debug|Any CPU
		{BE7C65DC-E742-4A99-85A8-D9484ABD43BC}.Debug|x86.Build.0 = Debug|Any CPU
		{BE7C65DC-E742-4A99-85A8-D9484ABD43BC}.Release|Any CPU.ActiveCfg = Release|Any CPU
		{BE7C65DC-E742-4A99-85A8-D9484ABD43BC}.Release|Any CPU.Build.0 = Release|Any CPU
		{BE7C65DC-E742-4A99-85A8-D9484ABD43BC}.Release|x64.ActiveCfg = Release|Any CPU
		{BE7C65DC-E742-4A99-85A8-D9484ABD43BC}.Release|x64.Build.0 = Release|Any CPU
		{BE7C65DC-E742-4A99-85A8-D9484ABD43BC}.Release|x86.ActiveCfg = Release|Any CPU
		{BE7C65DC-E742-4A99-85A8-D9484ABD43BC}.Release|x86.Build.0 = Release|Any CPU
		{2C9AB41A-3AFE-43DF-BB6B-E6B7E89FCB1C}.Debug|Any CPU.ActiveCfg = Debug|Any CPU
		{2C9AB41A-3AFE-43DF-BB6B-E6B7E89FCB1C}.Debug|Any CPU.Build.0 = Debug|Any CPU
		{2C9AB41A-3AFE-43DF-BB6B-E6B7E89FCB1C}.Debug|x64.ActiveCfg = Debug|Any CPU
		{2C9AB41A-3AFE-43DF-BB6B-E6B7E89FCB1C}.Debug|x64.Build.0 = Debug|Any CPU
		{2C9AB41A-3AFE-43DF-BB6B-E6B7E89FCB1C}.Debug|x86.ActiveCfg = Debug|Any CPU
		{2C9AB41A-3AFE-43DF-BB6B-E6B7E89FCB1C}.Debug|x86.Build.0 = Debug|Any CPU
		{2C9AB41A-3AFE-43DF-BB6B-E6B7E89FCB1C}.Release|Any CPU.ActiveCfg = Release|Any CPU
		{2C9AB41A-3AFE-43DF-BB6B-E6B7E89FCB1C}.Release|Any CPU.Build.0 = Release|Any CPU
		{2C9AB41A-3AFE-43DF-BB6B-E6B7E89FCB1C}.Release|x64.ActiveCfg = Release|Any CPU
		{2C9AB41A-3AFE-43DF-BB6B-E6B7E89FCB1C}.Release|x64.Build.0 = Release|Any CPU
		{2C9AB41A-3AFE-43DF-BB6B-E6B7E89FCB1C}.Release|x86.ActiveCfg = Release|Any CPU
		{2C9AB41A-3AFE-43DF-BB6B-E6B7E89FCB1C}.Release|x86.Build.0 = Release|Any CPU
		{BE8EC810-7152-4EB9-8C08-0E77D4CE2520}.Debug|Any CPU.ActiveCfg = Debug|Any CPU
		{BE8EC810-7152-4EB9-8C08-0E77D4CE2520}.Debug|Any CPU.Build.0 = Debug|Any CPU
		{BE8EC810-7152-4EB9-8C08-0E77D4CE2520}.Debug|x64.ActiveCfg = Debug|Any CPU
		{BE8EC810-7152-4EB9-8C08-0E77D4CE2520}.Debug|x64.Build.0 = Debug|Any CPU
		{BE8EC810-7152-4EB9-8C08-0E77D4CE2520}.Debug|x86.ActiveCfg = Debug|Any CPU
		{BE8EC810-7152-4EB9-8C08-0E77D4CE2520}.Debug|x86.Build.0 = Debug|Any CPU
		{BE8EC810-7152-4EB9-8C08-0E77D4CE2520}.Release|Any CPU.ActiveCfg = Release|Any CPU
		{BE8EC810-7152-4EB9-8C08-0E77D4CE2520}.Release|Any CPU.Build.0 = Release|Any CPU
		{BE8EC810-7152-4EB9-8C08-0E77D4CE2520}.Release|x64.ActiveCfg = Release|Any CPU
		{BE8EC810-7152-4EB9-8C08-0E77D4CE2520}.Release|x64.Build.0 = Release|Any CPU
		{BE8EC810-7152-4EB9-8C08-0E77D4CE2520}.Release|x86.ActiveCfg = Release|Any CPU
		{BE8EC810-7152-4EB9-8C08-0E77D4CE2520}.Release|x86.Build.0 = Release|Any CPU
		{E5C2A4CC-DB08-400A-BFBB-E4650B07DC9E}.Debug|Any CPU.ActiveCfg = Debug|Any CPU
		{E5C2A4CC-DB08-400A-BFBB-E4650B07DC9E}.Debug|Any CPU.Build.0 = Debug|Any CPU
		{E5C2A4CC-DB08-400A-BFBB-E4650B07DC9E}.Debug|x64.ActiveCfg = Debug|Any CPU
		{E5C2A4CC-DB08-400A-BFBB-E4650B07DC9E}.Debug|x64.Build.0 = Debug|Any CPU
		{E5C2A4CC-DB08-400A-BFBB-E4650B07DC9E}.Debug|x86.ActiveCfg = Debug|Any CPU
		{E5C2A4CC-DB08-400A-BFBB-E4650B07DC9E}.Debug|x86.Build.0 = Debug|Any CPU
		{E5C2A4CC-DB08-400A-BFBB-E4650B07DC9E}.Release|Any CPU.ActiveCfg = Release|Any CPU
		{E5C2A4CC-DB08-400A-BFBB-E4650B07DC9E}.Release|Any CPU.Build.0 = Release|Any CPU
		{E5C2A4CC-DB08-400A-BFBB-E4650B07DC9E}.Release|x64.ActiveCfg = Release|Any CPU
		{E5C2A4CC-DB08-400A-BFBB-E4650B07DC9E}.Release|x64.Build.0 = Release|Any CPU
		{E5C2A4CC-DB08-400A-BFBB-E4650B07DC9E}.Release|x86.ActiveCfg = Release|Any CPU
		{E5C2A4CC-DB08-400A-BFBB-E4650B07DC9E}.Release|x86.Build.0 = Release|Any CPU
	EndGlobalSection
	GlobalSection(SolutionProperties) = preSolution
		HideSolutionNode = FALSE
	EndGlobalSection
	GlobalSection(NestedProjects) = preSolution
		{BE7C65DC-E742-4A99-85A8-D9484ABD43BC} = {811C9F54-ED12-4F1C-93C9-F1AE054D461B}
		{2C9AB41A-3AFE-43DF-BB6B-E6B7E89FCB1C} = {811C9F54-ED12-4F1C-93C9-F1AE054D461B}
		{BE8EC810-7152-4EB9-8C08-0E77D4CE2520} = {811C9F54-ED12-4F1C-93C9-F1AE054D461B}
		{E5C2A4CC-DB08-400A-BFBB-E4650B07DC9E} = {811C9F54-ED12-4F1C-93C9-F1AE054D461B}
	EndGlobalSection
	GlobalSection(ExtensibilityGlobals) = postSolution
		SolutionGuid = {CF50813D-8965-4CE4-8DEA-8171144D9C05}
	EndGlobalSection
EndGlobal
